
Microsoft Visual Studio Solution File, Format Version 12.00
# Visual Studio Version 17
VisualStudioVersion = 17.5.002.0
MinimumVisualStudioVersion = 10.0.40219.1
Project("{2150E333-8FDC-42A3-9474-1A3956D46DE8}") = "sandbox", "sandbox", "{37B67CC3-F815-4B1E-BAAE-44D4D8A02963}"
EndProject
Project("{9A19103F-16F7-4668-BE54-9A1E7A4F7556}") = "sandbox_project", "sandbox\sandbox_project\sandbox_project.csproj", "{F19D1332-05FD-49D7-B6C8-53EE6CDB7B54}"
EndProject
Project("{2150E333-8FDC-42A3-9474-1A3956D46DE8}") = "week01", "week01", "{69F81A3E-44F2-4579-AA40-5163D338CF71}"
EndProject
Project("{9A19103F-16F7-4668-BE54-9A1E7A4F7556}") = "analyze", "week01\analyze\analyze.csproj", "{92916A95-57EB-4E9E-A821-F36DCE5D2C23}"
EndProject
Project("{9A19103F-16F7-4668-BE54-9A1E7A4F7556}") = "code", "week01\code\code.csproj", "{FBB4C2E0-BADD-451C-B23B-EB97CEB72D61}"
EndProject
Project("{9A19103F-16F7-4668-BE54-9A1E7A4F7556}") = "teach", "week01\teach\teach.csproj", "{816EF65B-B21D-4C57-A76D-EF8534D94153}"
EndProject
Project("{2150E333-8FDC-42A3-9474-1A3956D46DE8}") = "week02", "week02", "{30DBA1DD-3D66-452F-A171-F5925C83412F}"
EndProject
Project("{9A19103F-16F7-4668-BE54-9A1E7A4F7556}") = "analyze", "week02\analyze\analyze.csproj", "{7BA55A5C-31D6-441F-A409-06A172262D2D}"
EndProject
Project("{9A19103F-16F7-4668-BE54-9A1E7A4F7556}") = "code", "week02\code\code.csproj", "{FADB47FB-49B5-4E1F-8C7E-C63813A3D145}"
EndProject
Project("{9A19103F-16F7-4668-BE54-9A1E7A4F7556}") = "learn", "week02\learn\learn.csproj", "{EE70DDEF-6B51-4D5A-9948-C2F6BEFB4005}"
EndProject
Project("{9A19103F-16F7-4668-BE54-9A1E7A4F7556}") = "teach", "week02\teach\teach.csproj", "{0EA914AC-BD1F-467F-9199-ECBB3A8C4598}"
EndProject
Project("{2150E333-8FDC-42A3-9474-1A3956D46DE8}") = "week03", "week03", "{4CD69EA3-E342-4A93-B06B-F049B9FDC886}"
EndProject
Project("{9A19103F-16F7-4668-BE54-9A1E7A4F7556}") = "code", "week03\code\code.csproj", "{A648604F-0476-4211-A57A-5F8E2EF1645C}"
EndProject
Project("{9A19103F-16F7-4668-BE54-9A1E7A4F7556}") = "learn", "week03\learn\learn.csproj", "{7E12DE20-D48E-4930-BDA1-2B51544AE153}"
EndProject
Project("{9A19103F-16F7-4668-BE54-9A1E7A4F7556}") = "teach", "week03\teach\teach.csproj", "{B48D8359-F32C-44D4-9A80-4D6F1EDBB6F8}"
EndProject
Project("{2150E333-8FDC-42A3-9474-1A3956D46DE8}") = "week04", "week04", "{B4E2CF2D-6A79-44F2-A12B-EE075FE410BC}"
EndProject
Project("{9A19103F-16F7-4668-BE54-9A1E7A4F7556}") = "code", "week04\code\code.csproj", "{A523C0F3-14C8-42E6-B34B-818E6C63A4E4}"
EndProject
Project("{2150E333-8FDC-42A3-9474-1A3956D46DE8}") = "week05", "week05", "{72778D3C-5F09-4568-BF2F-FA1C5D45CA6F}"
EndProject
Project("{9A19103F-16F7-4668-BE54-9A1E7A4F7556}") = "code", "week05\code\code.csproj", "{CEED513D-018B-4E56-BD0C-035382CE516D}"
EndProject
Project("{2150E333-8FDC-42A3-9474-1A3956D46DE8}") = "week06", "week06", "{34D0C662-4E83-4DF0-9F5A-9B0690B3E94C}"
EndProject
Project("{9A19103F-16F7-4668-BE54-9A1E7A4F7556}") = "code", "week06\code\code.csproj", "{1CD85A27-3A21-4D67-BE0A-F21C287D745A}"
EndProject
Global
	GlobalSection(SolutionConfigurationPlatforms) = preSolution
		Debug|Any CPU = Debug|Any CPU
		Release|Any CPU = Release|Any CPU
	EndGlobalSection
	GlobalSection(ProjectConfigurationPlatforms) = postSolution
		{F19D1332-05FD-49D7-B6C8-53EE6CDB7B54}.Debug|Any CPU.ActiveCfg = Debug|Any CPU
		{F19D1332-05FD-49D7-B6C8-53EE6CDB7B54}.Debug|Any CPU.Build.0 = Debug|Any CPU
		{F19D1332-05FD-49D7-B6C8-53EE6CDB7B54}.Release|Any CPU.ActiveCfg = Release|Any CPU
		{F19D1332-05FD-49D7-B6C8-53EE6CDB7B54}.Release|Any CPU.Build.0 = Release|Any CPU
		{92916A95-57EB-4E9E-A821-F36DCE5D2C23}.Debug|Any CPU.ActiveCfg = Debug|Any CPU
		{92916A95-57EB-4E9E-A821-F36DCE5D2C23}.Debug|Any CPU.Build.0 = Debug|Any CPU
		{92916A95-57EB-4E9E-A821-F36DCE5D2C23}.Release|Any CPU.ActiveCfg = Release|Any CPU
		{92916A95-57EB-4E9E-A821-F36DCE5D2C23}.Release|Any CPU.Build.0 = Release|Any CPU
		{FBB4C2E0-BADD-451C-B23B-EB97CEB72D61}.Debug|Any CPU.ActiveCfg = Debug|Any CPU
		{FBB4C2E0-BADD-451C-B23B-EB97CEB72D61}.Debug|Any CPU.Build.0 = Debug|Any CPU
		{FBB4C2E0-BADD-451C-B23B-EB97CEB72D61}.Release|Any CPU.ActiveCfg = Release|Any CPU
		{FBB4C2E0-BADD-451C-B23B-EB97CEB72D61}.Release|Any CPU.Build.0 = Release|Any CPU
		{816EF65B-B21D-4C57-A76D-EF8534D94153}.Debug|Any CPU.ActiveCfg = Debug|Any CPU
		{816EF65B-B21D-4C57-A76D-EF8534D94153}.Debug|Any CPU.Build.0 = Debug|Any CPU
		{816EF65B-B21D-4C57-A76D-EF8534D94153}.Release|Any CPU.ActiveCfg = Release|Any CPU
		{816EF65B-B21D-4C57-A76D-EF8534D94153}.Release|Any CPU.Build.0 = Release|Any CPU
		{7BA55A5C-31D6-441F-A409-06A172262D2D}.Debug|Any CPU.ActiveCfg = Debug|Any CPU
		{7BA55A5C-31D6-441F-A409-06A172262D2D}.Debug|Any CPU.Build.0 = Debug|Any CPU
		{7BA55A5C-31D6-441F-A409-06A172262D2D}.Release|Any CPU.ActiveCfg = Release|Any CPU
		{7BA55A5C-31D6-441F-A409-06A172262D2D}.Release|Any CPU.Build.0 = Release|Any CPU
		{FADB47FB-49B5-4E1F-8C7E-C63813A3D145}.Debug|Any CPU.ActiveCfg = Debug|Any CPU
		{FADB47FB-49B5-4E1F-8C7E-C63813A3D145}.Debug|Any CPU.Build.0 = Debug|Any CPU
		{FADB47FB-49B5-4E1F-8C7E-C63813A3D145}.Release|Any CPU.ActiveCfg = Release|Any CPU
		{FADB47FB-49B5-4E1F-8C7E-C63813A3D145}.Release|Any CPU.Build.0 = Release|Any CPU
		{EE70DDEF-6B51-4D5A-9948-C2F6BEFB4005}.Debug|Any CPU.ActiveCfg = Debug|Any CPU
		{EE70DDEF-6B51-4D5A-9948-C2F6BEFB4005}.Debug|Any CPU.Build.0 = Debug|Any CPU
		{EE70DDEF-6B51-4D5A-9948-C2F6BEFB4005}.Release|Any CPU.ActiveCfg = Release|Any CPU
		{EE70DDEF-6B51-4D5A-9948-C2F6BEFB4005}.Release|Any CPU.Build.0 = Release|Any CPU
		{0EA914AC-BD1F-467F-9199-ECBB3A8C4598}.Debug|Any CPU.ActiveCfg = Debug|Any CPU
		{0EA914AC-BD1F-467F-9199-ECBB3A8C4598}.Debug|Any CPU.Build.0 = Debug|Any CPU
		{0EA914AC-BD1F-467F-9199-ECBB3A8C4598}.Release|Any CPU.ActiveCfg = Release|Any CPU
		{0EA914AC-BD1F-467F-9199-ECBB3A8C4598}.Release|Any CPU.Build.0 = Release|Any CPU
		{A648604F-0476-4211-A57A-5F8E2EF1645C}.Debug|Any CPU.ActiveCfg = Debug|Any CPU
		{A648604F-0476-4211-A57A-5F8E2EF1645C}.Debug|Any CPU.Build.0 = Debug|Any CPU
		{A648604F-0476-4211-A57A-5F8E2EF1645C}.Release|Any CPU.ActiveCfg = Release|Any CPU
		{A648604F-0476-4211-A57A-5F8E2EF1645C}.Release|Any CPU.Build.0 = Release|Any CPU
		{7E12DE20-D48E-4930-BDA1-2B51544AE153}.Debug|Any CPU.ActiveCfg = Debug|Any CPU
		{7E12DE20-D48E-4930-BDA1-2B51544AE153}.Debug|Any CPU.Build.0 = Debug|Any CPU
		{7E12DE20-D48E-4930-BDA1-2B51544AE153}.Release|Any CPU.ActiveCfg = Release|Any CPU
		{7E12DE20-D48E-4930-BDA1-2B51544AE153}.Release|Any CPU.Build.0 = Release|Any CPU
		{B48D8359-F32C-44D4-9A80-4D6F1EDBB6F8}.Debug|Any CPU.ActiveCfg = Debug|Any CPU
		{B48D8359-F32C-44D4-9A80-4D6F1EDBB6F8}.Debug|Any CPU.Build.0 = Debug|Any CPU
		{B48D8359-F32C-44D4-9A80-4D6F1EDBB6F8}.Release|Any CPU.ActiveCfg = Release|Any CPU
		{B48D8359-F32C-44D4-9A80-4D6F1EDBB6F8}.Release|Any CPU.Build.0 = Release|Any CPU
		{A523C0F3-14C8-42E6-B34B-818E6C63A4E4}.Debug|Any CPU.ActiveCfg = Debug|Any CPU
		{A523C0F3-14C8-42E6-B34B-818E6C63A4E4}.Debug|Any CPU.Build.0 = Debug|Any CPU
		{A523C0F3-14C8-42E6-B34B-818E6C63A4E4}.Release|Any CPU.ActiveCfg = Release|Any CPU
		{A523C0F3-14C8-42E6-B34B-818E6C63A4E4}.Release|Any CPU.Build.0 = Release|Any CPU
		{CEED513D-018B-4E56-BD0C-035382CE516D}.Debug|Any CPU.ActiveCfg = Debug|Any CPU
		{CEED513D-018B-4E56-BD0C-035382CE516D}.Debug|Any CPU.Build.0 = Debug|Any CPU
		{CEED513D-018B-4E56-BD0C-035382CE516D}.Release|Any CPU.ActiveCfg = Release|Any CPU
		{CEED513D-018B-4E56-BD0C-035382CE516D}.Release|Any CPU.Build.0 = Release|Any CPU
		{1CD85A27-3A21-4D67-BE0A-F21C287D745A}.Debug|Any CPU.ActiveCfg = Debug|Any CPU
		{1CD85A27-3A21-4D67-BE0A-F21C287D745A}.Debug|Any CPU.Build.0 = Debug|Any CPU
		{1CD85A27-3A21-4D67-BE0A-F21C287D745A}.Release|Any CPU.ActiveCfg = Release|Any CPU
		{1CD85A27-3A21-4D67-BE0A-F21C287D745A}.Release|Any CPU.Build.0 = Release|Any CPU
	EndGlobalSection
	GlobalSection(SolutionProperties) = preSolution
		HideSolutionNode = FALSE
	EndGlobalSection
	GlobalSection(NestedProjects) = preSolution
		{F19D1332-05FD-49D7-B6C8-53EE6CDB7B54} = {37B67CC3-F815-4B1E-BAAE-44D4D8A02963}
		{92916A95-57EB-4E9E-A821-F36DCE5D2C23} = {69F81A3E-44F2-4579-AA40-5163D338CF71}
		{FBB4C2E0-BADD-451C-B23B-EB97CEB72D61} = {69F81A3E-44F2-4579-AA40-5163D338CF71}
		{816EF65B-B21D-4C57-A76D-EF8534D94153} = {69F81A3E-44F2-4579-AA40-5163D338CF71}
		{7BA55A5C-31D6-441F-A409-06A172262D2D} = {30DBA1DD-3D66-452F-A171-F5925C83412F}
		{FADB47FB-49B5-4E1F-8C7E-C63813A3D145} = {30DBA1DD-3D66-452F-A171-F5925C83412F}
		{EE70DDEF-6B51-4D5A-9948-C2F6BEFB4005} = {30DBA1DD-3D66-452F-A171-F5925C83412F}
		{0EA914AC-BD1F-467F-9199-ECBB3A8C4598} = {30DBA1DD-3D66-452F-A171-F5925C83412F}
		{A648604F-0476-4211-A57A-5F8E2EF1645C} = {4CD69EA3-E342-4A93-B06B-F049B9FDC886}
		{7E12DE20-D48E-4930-BDA1-2B51544AE153} = {4CD69EA3-E342-4A93-B06B-F049B9FDC886}
		{B48D8359-F32C-44D4-9A80-4D6F1EDBB6F8} = {4CD69EA3-E342-4A93-B06B-F049B9FDC886}
		{A523C0F3-14C8-42E6-B34B-818E6C63A4E4} = {B4E2CF2D-6A79-44F2-A12B-EE075FE410BC}
		{CEED513D-018B-4E56-BD0C-035382CE516D} = {72778D3C-5F09-4568-BF2F-FA1C5D45CA6F}
		{1CD85A27-3A21-4D67-BE0A-F21C287D745A} = {34D0C662-4E83-4DF0-9F5A-9B0690B3E94C}
	EndGlobalSection
	GlobalSection(ExtensibilityGlobals) = postSolution
		SolutionGuid = {BEF15BA2-5F07-4F74-9F92-ED3F66E3C35C}
	EndGlobalSection
EndGlobal
